
Microsoft Visual Studio Solution File, Format Version 12.00
# Visual Studio Version 17
VisualStudioVersion = 17.11.35222.181
MinimumVisualStudioVersion = 10.0.40219.1
Project("{9A19103F-16F7-4668-BE54-9A1E7A4F7556}") = "SimpleChatApp", "SimpleChatApp\SimpleChatApp.csproj", "{C1379886-4E9B-4482-A13D-5910E79DFE5B}"
EndProject
Project("{FAE04EC0-301F-11D3-BF4B-00C04F79EFBC}") = "SimpleChatApp_DAL", "SimpleChatApp_DAL\SimpleChatApp_DAL.csproj", "{C895A839-FF26-46ED-8C8F-0BC9F69172B9}"
EndProject
Project("{FAE04EC0-301F-11D3-BF4B-00C04F79EFBC}") = "SimpleChatApp_BAL", "SimpleChatApp_BAL\SimpleChatApp_BAL.csproj", "{B4A02E6D-513B-4195-AC88-7966151D8317}"
EndProject
Global
	GlobalSection(SolutionConfigurationPlatforms) = preSolution
		Debug|Any CPU = Debug|Any CPU
		Release|Any CPU = Release|Any CPU
	EndGlobalSection
	GlobalSection(ProjectConfigurationPlatforms) = postSolution
		{C1379886-4E9B-4482-A13D-5910E79DFE5B}.Debug|Any CPU.ActiveCfg = Debug|Any CPU
		{C1379886-4E9B-4482-A13D-5910E79DFE5B}.Debug|Any CPU.Build.0 = Debug|Any CPU
		{C1379886-4E9B-4482-A13D-5910E79DFE5B}.Release|Any CPU.ActiveCfg = Release|Any CPU
		{C1379886-4E9B-4482-A13D-5910E79DFE5B}.Release|Any CPU.Build.0 = Release|Any CPU
		{C895A839-FF26-46ED-8C8F-0BC9F69172B9}.Debug|Any CPU.ActiveCfg = Debug|Any CPU
		{C895A839-FF26-46ED-8C8F-0BC9F69172B9}.Debug|Any CPU.Build.0 = Debug|Any CPU
		{C895A839-FF26-46ED-8C8F-0BC9F69172B9}.Release|Any CPU.ActiveCfg = Release|Any CPU
		{C895A839-FF26-46ED-8C8F-0BC9F69172B9}.Release|Any CPU.Build.0 = Release|Any CPU
		{B4A02E6D-513B-4195-AC88-7966151D8317}.Debug|Any CPU.ActiveCfg = Debug|Any CPU
		{B4A02E6D-513B-4195-AC88-7966151D8317}.Debug|Any CPU.Build.0 = Debug|Any CPU
		{B4A02E6D-513B-4195-AC88-7966151D8317}.Release|Any CPU.ActiveCfg = Release|Any CPU
		{B4A02E6D-513B-4195-AC88-7966151D8317}.Release|Any CPU.Build.0 = Release|Any CPU
	EndGlobalSection
	GlobalSection(SolutionProperties) = preSolution
		HideSolutionNode = FALSE
	EndGlobalSection
	GlobalSection(ExtensibilityGlobals) = postSolution
		SolutionGuid = {D87CFB9D-9B84-4E2D-A7A3-C012A7E1697F}
	EndGlobalSection
EndGlobal
